
Microsoft Visual Studio Solution File, Format Version 12.00
# Visual Studio Version 17
VisualStudioVersion = 17.7.34024.191
MinimumVisualStudioVersion = 10.0.40219.1
Project("{8BC9CEB8-8B4A-11D0-8D11-00A0C91BC942}") = "HomeWorkSkillBox3", "HomeWorkSkillBox3\HomeWorkSkillBox3.vcxproj", "{B2397E1D-4B31-43E5-880F-BB0793AD7D34}"
EndProject
Project("{8BC9CEB8-8B4A-11D0-8D11-00A0C91BC942}") = "Task2", "Task2\Task2.vcxproj", "{FE584BFF-B6F0-46DC-815E-43C3043808C5}"
EndProject
Project("{8BC9CEB8-8B4A-11D0-8D11-00A0C91BC942}") = "Task3", "Task3\Task3.vcxproj", "{F35E369E-C5C2-489C-B995-5F6F54BB21CE}"
EndProject
Project("{8BC9CEB8-8B4A-11D0-8D11-00A0C91BC942}") = "Task4", "Task4\Task4.vcxproj", "{F9D5DC3D-D96C-48F8-9030-B3126ED90AD0}"
EndProject
Project("{8BC9CEB8-8B4A-11D0-8D11-00A0C91BC942}") = "Task5", "Task5\Task5.vcxproj", "{15FC8C4D-BDB1-4AFA-B3B4-A2A8134D4C99}"
EndProject
Project("{8BC9CEB8-8B4A-11D0-8D11-00A0C91BC942}") = "Task6", "Task6\Task6.vcxproj", "{8EE75B1E-CEFD-4F0E-852E-B318CB4B38A8}"
EndProject
Project("{8BC9CEB8-8B4A-11D0-8D11-00A0C91BC942}") = "Task7", "Task7\Task7.vcxproj", "{7FAD3CA3-554E-4803-8920-67079012DE17}"
EndProject
Project("{8BC9CEB8-8B4A-11D0-8D11-00A0C91BC942}") = "Task8", "Task8\Task8.vcxproj", "{F4FB7FB4-E76E-445B-B308-6DB0D1E20783}"
EndProject
Project("{8BC9CEB8-8B4A-11D0-8D11-00A0C91BC942}") = "Task9", "Task9\Task9.vcxproj", "{86E70198-5BF8-4038-A6E0-EBE0EB088186}"
EndProject
Global
	GlobalSection(SolutionConfigurationPlatforms) = preSolution
		Debug|x64 = Debug|x64
		Debug|x86 = Debug|x86
		Release|x64 = Release|x64
		Release|x86 = Release|x86
	EndGlobalSection
	GlobalSection(ProjectConfigurationPlatforms) = postSolution
		{B2397E1D-4B31-43E5-880F-BB0793AD7D34}.Debug|x64.ActiveCfg = Debug|x64
		{B2397E1D-4B31-43E5-880F-BB0793AD7D34}.Debug|x64.Build.0 = Debug|x64
		{B2397E1D-4B31-43E5-880F-BB0793AD7D34}.Debug|x86.ActiveCfg = Debug|Win32
		{B2397E1D-4B31-43E5-880F-BB0793AD7D34}.Debug|x86.Build.0 = Debug|Win32
		{B2397E1D-4B31-43E5-880F-BB0793AD7D34}.Release|x64.ActiveCfg = Release|x64
		{B2397E1D-4B31-43E5-880F-BB0793AD7D34}.Release|x64.Build.0 = Release|x64
		{B2397E1D-4B31-43E5-880F-BB0793AD7D34}.Release|x86.ActiveCfg = Release|Win32
		{B2397E1D-4B31-43E5-880F-BB0793AD7D34}.Release|x86.Build.0 = Release|Win32
		{FE584BFF-B6F0-46DC-815E-43C3043808C5}.Debug|x64.ActiveCfg = Debug|x64
		{FE584BFF-B6F0-46DC-815E-43C3043808C5}.Debug|x64.Build.0 = Debug|x64
		{FE584BFF-B6F0-46DC-815E-43C3043808C5}.Debug|x86.ActiveCfg = Debug|Win32
		{FE584BFF-B6F0-46DC-815E-43C3043808C5}.Debug|x86.Build.0 = Debug|Win32
		{FE584BFF-B6F0-46DC-815E-43C3043808C5}.Release|x64.ActiveCfg = Release|x64
		{FE584BFF-B6F0-46DC-815E-43C3043808C5}.Release|x64.Build.0 = Release|x64
		{FE584BFF-B6F0-46DC-815E-43C3043808C5}.Release|x86.ActiveCfg = Release|Win32
		{FE584BFF-B6F0-46DC-815E-43C3043808C5}.Release|x86.Build.0 = Release|Win32
		{F35E369E-C5C2-489C-B995-5F6F54BB21CE}.Debug|x64.ActiveCfg = Debug|x64
		{F35E369E-C5C2-489C-B995-5F6F54BB21CE}.Debug|x64.Build.0 = Debug|x64
		{F35E369E-C5C2-489C-B995-5F6F54BB21CE}.Debug|x86.ActiveCfg = Debug|Win32
		{F35E369E-C5C2-489C-B995-5F6F54BB21CE}.Debug|x86.Build.0 = Debug|Win32
		{F35E369E-C5C2-489C-B995-5F6F54BB21CE}.Release|x64.ActiveCfg = Release|x64
		{F35E369E-C5C2-489C-B995-5F6F54BB21CE}.Release|x64.Build.0 = Release|x64
		{F35E369E-C5C2-489C-B995-5F6F54BB21CE}.Release|x86.ActiveCfg = Release|Win32
		{F35E369E-C5C2-489C-B995-5F6F54BB21CE}.Release|x86.Build.0 = Release|Win32
		{F9D5DC3D-D96C-48F8-9030-B3126ED90AD0}.Debug|x64.ActiveCfg = Debug|x64
		{F9D5DC3D-D96C-48F8-9030-B3126ED90AD0}.Debug|x64.Build.0 = Debug|x64
		{F9D5DC3D-D96C-48F8-9030-B3126ED90AD0}.Debug|x86.ActiveCfg = Debug|Win32
		{F9D5DC3D-D96C-48F8-9030-B3126ED90AD0}.Debug|x86.Build.0 = Debug|Win32
		{F9D5DC3D-D96C-48F8-9030-B3126ED90AD0}.Release|x64.ActiveCfg = Release|x64
		{F9D5DC3D-D96C-48F8-9030-B3126ED90AD0}.Release|x64.Build.0 = Release|x64
		{F9D5DC3D-D96C-48F8-9030-B3126ED90AD0}.Release|x86.ActiveCfg = Release|Win32
		{F9D5DC3D-D96C-48F8-9030-B3126ED90AD0}.Release|x86.Build.0 = Release|Win32
		{15FC8C4D-BDB1-4AFA-B3B4-A2A8134D4C99}.Debug|x64.ActiveCfg = Debug|x64
		{15FC8C4D-BDB1-4AFA-B3B4-A2A8134D4C99}.Debug|x64.Build.0 = Debug|x64
		{15FC8C4D-BDB1-4AFA-B3B4-A2A8134D4C99}.Debug|x86.ActiveCfg = Debug|Win32
		{15FC8C4D-BDB1-4AFA-B3B4-A2A8134D4C99}.Debug|x86.Build.0 = Debug|Win32
		{15FC8C4D-BDB1-4AFA-B3B4-A2A8134D4C99}.Release|x64.ActiveCfg = Release|x64
		{15FC8C4D-BDB1-4AFA-B3B4-A2A8134D4C99}.Release|x64.Build.0 = Release|x64
		{15FC8C4D-BDB1-4AFA-B3B4-A2A8134D4C99}.Release|x86.ActiveCfg = Release|Win32
		{15FC8C4D-BDB1-4AFA-B3B4-A2A8134D4C99}.Release|x86.Build.0 = Release|Win32
		{8EE75B1E-CEFD-4F0E-852E-B318CB4B38A8}.Debug|x64.ActiveCfg = Debug|x64
		{8EE75B1E-CEFD-4F0E-852E-B318CB4B38A8}.Debug|x64.Build.0 = Debug|x64
		{8EE75B1E-CEFD-4F0E-852E-B318CB4B38A8}.Debug|x86.ActiveCfg = Debug|Win32
		{8EE75B1E-CEFD-4F0E-852E-B318CB4B38A8}.Debug|x86.Build.0 = Debug|Win32
		{8EE75B1E-CEFD-4F0E-852E-B318CB4B38A8}.Release|x64.ActiveCfg = Release|x64
		{8EE75B1E-CEFD-4F0E-852E-B318CB4B38A8}.Release|x64.Build.0 = Release|x64
		{8EE75B1E-CEFD-4F0E-852E-B318CB4B38A8}.Release|x86.ActiveCfg = Release|Win32
		{8EE75B1E-CEFD-4F0E-852E-B318CB4B38A8}.Release|x86.Build.0 = Release|Win32
		{7FAD3CA3-554E-4803-8920-67079012DE17}.Debug|x64.ActiveCfg = Debug|x64
		{7FAD3CA3-554E-4803-8920-67079012DE17}.Debug|x64.Build.0 = Debug|x64
		{7FAD3CA3-554E-4803-8920-67079012DE17}.Debug|x86.ActiveCfg = Debug|Win32
		{7FAD3CA3-554E-4803-8920-67079012DE17}.Debug|x86.Build.0 = Debug|Win32
		{7FAD3CA3-554E-4803-8920-67079012DE17}.Release|x64.ActiveCfg = Release|x64
		{7FAD3CA3-554E-4803-8920-67079012DE17}.Release|x64.Build.0 = Release|x64
		{7FAD3CA3-554E-4803-8920-67079012DE17}.Release|x86.ActiveCfg = Release|Win32
		{7FAD3CA3-554E-4803-8920-67079012DE17}.Release|x86.Build.0 = Release|Win32
		{F4FB7FB4-E76E-445B-B308-6DB0D1E20783}.Debug|x64.ActiveCfg = Debug|x64
		{F4FB7FB4-E76E-445B-B308-6DB0D1E20783}.Debug|x64.Build.0 = Debug|x64
		{F4FB7FB4-E76E-445B-B308-6DB0D1E20783}.Debug|x86.ActiveCfg = Debug|Win32
		{F4FB7FB4-E76E-445B-B308-6DB0D1E20783}.Debug|x86.Build.0 = Debug|Win32
		{F4FB7FB4-E76E-445B-B308-6DB0D1E20783}.Release|x64.ActiveCfg = Release|x64
		{F4FB7FB4-E76E-445B-B308-6DB0D1E20783}.Release|x64.Build.0 = Release|x64
		{F4FB7FB4-E76E-445B-B308-6DB0D1E20783}.Release|x86.ActiveCfg = Release|Win32
		{F4FB7FB4-E76E-445B-B308-6DB0D1E20783}.Release|x86.Build.0 = Release|Win32
		{86E70198-5BF8-4038-A6E0-EBE0EB088186}.Debug|x64.ActiveCfg = Debug|x64
		{86E70198-5BF8-4038-A6E0-EBE0EB088186}.Debug|x64.Build.0 = Debug|x64
		{86E70198-5BF8-4038-A6E0-EBE0EB088186}.Debug|x86.ActiveCfg = Debug|Win32
		{86E70198-5BF8-4038-A6E0-EBE0EB088186}.Debug|x86.Build.0 = Debug|Win32
		{86E70198-5BF8-4038-A6E0-EBE0EB088186}.Release|x64.ActiveCfg = Release|x64
		{86E70198-5BF8-4038-A6E0-EBE0EB088186}.Release|x64.Build.0 = Release|x64
		{86E70198-5BF8-4038-A6E0-EBE0EB088186}.Release|x86.ActiveCfg = Release|Win32
		{86E70198-5BF8-4038-A6E0-EBE0EB088186}.Release|x86.Build.0 = Release|Win32
	EndGlobalSection
	GlobalSection(SolutionProperties) = preSolution
		HideSolutionNode = FALSE
	EndGlobalSection
	GlobalSection(ExtensibilityGlobals) = postSolution
		SolutionGuid = {F27C1B06-B299-431A-8AF2-D908AE9FC43E}
	EndGlobalSection
EndGlobal
